{
  "name": "viesapi-client-example",
  "version": "1.2.6",
  "lockfileVersion": 2,
  "requires": true,
  "packages": {
    "": {
      "name": "viesapi-client-example",
      "version": "1.2.6",
      "license": "Apache-2.0",
      "dependencies": {
        "viesapi-client": "file:.."
      }
    },
    "..": {
      "name": "viesapi-client",
      "version": "1.2.6",
      "license": "Apache-2.0",
      "dependencies": {
        "axios": "^0.27.2",
        "date-fns": "^2.29.3",
        "url": "^0.11.0",
        "xmldom": "^0.6.0",
        "xpath": "^0.0.32"
      }
    },
    "node_modules/viesapi-client": {
      "resolved": "..",
      "link": true
    }
  },
  "dependencies": {
    "viesapi-client": {
      "version": "file:..",
      "requires": {
        "axios": "^0.27.2",
        "date-fns": "^2.29.3",
        "url": "^0.11.0",
        "xmldom": "^0.6.0",
        "xpath": "^0.0.32"
      }
    }
  }
}
