{
  "name": "viesapi-client-example-esm",
  "version": "1.3.3",
  "lockfileVersion": 3,
  "requires": true,
  "packages": {
    "": {
      "name": "viesapi-client-example-esm",
      "version": "1.3.3",
      "license": "Apache-2.0",
      "dependencies": {
        "viesapi-client": "file:.."
      }
    },
    "..": {
      "name": "viesapi-client",
      "version": "1.3.3",
      "license": "Apache-2.0",
      "dependencies": {
        "@xmldom/xmldom": "^0.9.8",
        "axios": "^1.13.2",
        "date-fns": "^4.1.0",
        "url": "^0.11.4",
        "xpath": "^0.0.34"
      },
      "devDependencies": {
        "@types/node": "^24.10.1",
        "typescript": "^5.9.3"
      }
    },
    "node_modules/viesapi-client": {
      "resolved": "..",
      "link": true
    }
  }
}
